
Microsoft Visual Studio Solution File, Format Version 12.00
# Visual Studio 15
VisualStudioVersion = 15.0.27130.2027
MinimumVisualStudioVersion = 10.0.40219.1
Project("{FAE04EC0-301F-11D3-BF4B-00C04F79EFBC}") = "BlockchainCoding", "BlockchainCoding\BlockchainCoding.csproj", "{908CD170-CC2F-44E9-B1EA-B0D415677E01}"
EndProject
Global
	GlobalSection(SolutionConfigurationPlatforms) = preSolution
		Debug|Any CPU = Debug|Any CPU
		Release|Any CPU = Release|Any CPU
	EndGlobalSection
	GlobalSection(ProjectConfigurationPlatforms) = postSolution
		{908CD170-CC2F-44E9-B1EA-B0D415677E01}.Debug|Any CPU.ActiveCfg = Debug|Any CPU
		{908CD170-CC2F-44E9-B1EA-B0D415677E01}.Debug|Any CPU.Build.0 = Debug|Any CPU
		{908CD170-CC2F-44E9-B1EA-B0D415677E01}.Release|Any CPU.ActiveCfg = Release|Any CPU
		{908CD170-CC2F-44E9-B1EA-B0D415677E01}.Release|Any CPU.Build.0 = Release|Any CPU
	EndGlobalSection
	GlobalSection(SolutionProperties) = preSolution
		HideSolutionNode = FALSE
	EndGlobalSection
	GlobalSection(ExtensibilityGlobals) = postSolution
		SolutionGuid = {5FEA8918-FC49-4A7C-9F82-F9D94318FAB7}
	EndGlobalSection
EndGlobal
